
Microsoft Visual Studio Solution File, Format Version 12.00
Project("{FAE04EC0-301F-11D3-BF4B-00C04F79EFBC}") = "SharpifyTS.Core", "SharpifyTS.Core\SharpifyTS.Core.csproj", "{FFF26FE5-211F-4E3C-B131-C8D31E4F1312}"
EndProject
Project("{FAE04EC0-301F-11D3-BF4B-00C04F79EFBC}") = "SharpifyTS.Tests", "SharpifyTS.Tests\SharpifyTS.Tests.csproj", "{486E1C40-02AB-42D9-AC11-8781293D9C76}"
EndProject
Global
	GlobalSection(SolutionConfigurationPlatforms) = preSolution
		Debug|Any CPU = Debug|Any CPU
		Release|Any CPU = Release|Any CPU
	EndGlobalSection
	GlobalSection(ProjectConfigurationPlatforms) = postSolution
		{FFF26FE5-211F-4E3C-B131-C8D31E4F1312}.Debug|Any CPU.ActiveCfg = Debug|Any CPU
		{FFF26FE5-211F-4E3C-B131-C8D31E4F1312}.Debug|Any CPU.Build.0 = Debug|Any CPU
		{FFF26FE5-211F-4E3C-B131-C8D31E4F1312}.Release|Any CPU.ActiveCfg = Release|Any CPU
		{FFF26FE5-211F-4E3C-B131-C8D31E4F1312}.Release|Any CPU.Build.0 = Release|Any CPU
		{486E1C40-02AB-42D9-AC11-8781293D9C76}.Debug|Any CPU.ActiveCfg = Debug|Any CPU
		{486E1C40-02AB-42D9-AC11-8781293D9C76}.Debug|Any CPU.Build.0 = Debug|Any CPU
		{486E1C40-02AB-42D9-AC11-8781293D9C76}.Release|Any CPU.ActiveCfg = Release|Any CPU
		{486E1C40-02AB-42D9-AC11-8781293D9C76}.Release|Any CPU.Build.0 = Release|Any CPU
	EndGlobalSection
EndGlobal
